{
  "name": "ai-finance-planner",
  "lockfileVersion": 3,
  "requires": true,
  "packages": {
    "": {
      "dependencies": {
        "react-sankey": "^0.0.6"
      }
    },
    "node_modules/react-sankey": {
      "version": "0.0.6",
      "resolved": "https://registry.npmjs.org/react-sankey/-/react-sankey-0.0.6.tgz",
      "integrity": "sha512-Krhj0eRrRDBcKHj4divJkbpHl4OuqC0J4eF1e1ot8BLg+ofecVHRyVBq8ZRwYDKo/JAOcHA4BWXvpzbIWyxv2Q==",
      "license": "MIT"
    }
  }
}
